// !$*UTF8*$!
{
	archiveVersion = 1;
	classes = {
	};
	objectVersion = 77;
	objects = {

/* Begin PBXBuildFile section */
		899A1F132C67A5C600DB8459 /* componentsUI.framework in Frameworks */ = {isa = PBXBuildFile; fileRef = 899A1F082C67A5C600DB8459 /* componentsUI.framework */; };
		899A1F562C67A6F100DB8459 /* componentsUI.framework in Frameworks */ = {isa = PBXBuildFile; fileRef = 899A1F082C67A5C600DB8459 /* componentsUI.framework */; };
		899A1F572C67A6F100DB8459 /* componentsUI.framework in Embed Frameworks */ = {isa = PBXBuildFile; fileRef = 899A1F082C67A5C600DB8459 /* componentsUI.framework */; settings = {ATTRIBUTES = (CodeSignOnCopy, RemoveHeadersOnCopy, ); }; };
		89F095002C6B3379009FF25B /* Swinject in Frameworks */ = {isa = PBXBuildFile; productRef = 89F094FF2C6B3379009FF25B /* Swinject */; };
/* End PBXBuildFile section */

/* Begin PBXContainerItemProxy section */
		899A1F142C67A5C600DB8459 /* PBXContainerItemProxy */ = {
			isa = PBXContainerItemProxy;
			containerPortal = 899A1EFF2C67A5C600DB8459 /* Project object */;
			proxyType = 1;
			remoteGlobalIDString = 899A1F072C67A5C600DB8459;
			remoteInfo = componentsUI;
		};
		899A1F3B2C67A6DC00DB8459 /* PBXContainerItemProxy */ = {
			isa = PBXContainerItemProxy;
			containerPortal = 899A1EFF2C67A5C600DB8459 /* Project object */;
			proxyType = 1;
			remoteGlobalIDString = 899A1F2A2C67A6DB00DB8459;
			remoteInfo = SampleApp;
		};
		899A1F452C67A6DC00DB8459 /* PBXContainerItemProxy */ = {
			isa = PBXContainerItemProxy;
			containerPortal = 899A1EFF2C67A5C600DB8459 /* Project object */;
			proxyType = 1;
			remoteGlobalIDString = 899A1F2A2C67A6DB00DB8459;
			remoteInfo = SampleApp;
		};
		899A1F582C67A6F100DB8459 /* PBXContainerItemProxy */ = {
			isa = PBXContainerItemProxy;
			containerPortal = 899A1EFF2C67A5C600DB8459 /* Project object */;
			proxyType = 1;
			remoteGlobalIDString = 899A1F072C67A5C600DB8459;
			remoteInfo = componentsUI;
		};
/* End PBXContainerItemProxy section */

/* Begin PBXCopyFilesBuildPhase section */
		899A1F5A2C67A6F100DB8459 /* Embed Frameworks */ = {
			isa = PBXCopyFilesBuildPhase;
			buildActionMask = 2147483647;
			dstPath = "";
			dstSubfolderSpec = 10;
			files = (
				899A1F572C67A6F100DB8459 /* componentsUI.framework in Embed Frameworks */,
			);
			name = "Embed Frameworks";
			runOnlyForDeploymentPostprocessing = 0;
		};
/* End PBXCopyFilesBuildPhase section */

/* Begin PBXFileReference section */
		899A1F082C67A5C600DB8459 /* componentsUI.framework */ = {isa = PBXFileReference; explicitFileType = wrapper.framework; includeInIndex = 0; path = componentsUI.framework; sourceTree = BUILT_PRODUCTS_DIR; };
		899A1F122C67A5C600DB8459 /* componentsUITests.xctest */ = {isa = PBXFileReference; explicitFileType = wrapper.cfbundle; includeInIndex = 0; path = componentsUITests.xctest; sourceTree = BUILT_PRODUCTS_DIR; };
		899A1F2B2C67A6DB00DB8459 /* SampleApp.app */ = {isa = PBXFileReference; explicitFileType = wrapper.application; includeInIndex = 0; path = SampleApp.app; sourceTree = BUILT_PRODUCTS_DIR; };
		899A1F3A2C67A6DC00DB8459 /* SampleAppTests.xctest */ = {isa = PBXFileReference; explicitFileType = wrapper.cfbundle; includeInIndex = 0; path = SampleAppTests.xctest; sourceTree = BUILT_PRODUCTS_DIR; };
		899A1F442C67A6DC00DB8459 /* SampleAppUITests.xctest */ = {isa = PBXFileReference; explicitFileType = wrapper.cfbundle; includeInIndex = 0; path = SampleAppUITests.xctest; sourceTree = BUILT_PRODUCTS_DIR; };
/* End PBXFileReference section */

/* Begin PBXFileSystemSynchronizedBuildFileExceptionSet section */
		899A1F1A2C67A5C600DB8459 /* Exceptions for "componentsUI" folder in "componentsUI" target */ = {
			isa = PBXFileSystemSynchronizedBuildFileExceptionSet;
			publicHeaders = (
				componentsUI.h,
			);
			target = 899A1F072C67A5C600DB8459 /* componentsUI */;
		};
/* End PBXFileSystemSynchronizedBuildFileExceptionSet section */

/* Begin PBXFileSystemSynchronizedRootGroup section */
		899A1F0A2C67A5C600DB8459 /* componentsUI */ = {
			isa = PBXFileSystemSynchronizedRootGroup;
			exceptions = (
				899A1F1A2C67A5C600DB8459 /* Exceptions for "componentsUI" folder in "componentsUI" target */,
			);
			path = componentsUI;
			sourceTree = "<group>";
		};
		899A1F162C67A5C600DB8459 /* componentsUITests */ = {
			isa = PBXFileSystemSynchronizedRootGroup;
			path = componentsUITests;
			sourceTree = "<group>";
		};
		899A1F2C2C67A6DB00DB8459 /* SampleApp */ = {
			isa = PBXFileSystemSynchronizedRootGroup;
			path = SampleApp;
			sourceTree = "<group>";
		};
		899A1F3D2C67A6DC00DB8459 /* SampleAppTests */ = {
			isa = PBXFileSystemSynchronizedRootGroup;
			path = SampleAppTests;
			sourceTree = "<group>";
		};
		899A1F472C67A6DC00DB8459 /* SampleAppUITests */ = {
			isa = PBXFileSystemSynchronizedRootGroup;
			path = SampleAppUITests;
			sourceTree = "<group>";
		};
/* End PBXFileSystemSynchronizedRootGroup section */

/* Begin PBXFrameworksBuildPhase section */
		899A1F052C67A5C600DB8459 /* Frameworks */ = {
			isa = PBXFrameworksBuildPhase;
			buildActionMask = 2147483647;
			files = (
				89F095002C6B3379009FF25B /* Swinject in Frameworks */,
			);
			runOnlyForDeploymentPostprocessing = 0;
		};
		899A1F0F2C67A5C600DB8459 /* Frameworks */ = {
			isa = PBXFrameworksBuildPhase;
			buildActionMask = 2147483647;
			files = (
				899A1F132C67A5C600DB8459 /* componentsUI.framework in Frameworks */,
			);
			runOnlyForDeploymentPostprocessing = 0;
		};
		899A1F282C67A6DB00DB8459 /* Frameworks */ = {
			isa = PBXFrameworksBuildPhase;
			buildActionMask = 2147483647;
			files = (
				899A1F562C67A6F100DB8459 /* componentsUI.framework in Frameworks */,
			);
			runOnlyForDeploymentPostprocessing = 0;
		};
		899A1F372C67A6DC00DB8459 /* Frameworks */ = {
			isa = PBXFrameworksBuildPhase;
			buildActionMask = 2147483647;
			files = (
			);
			runOnlyForDeploymentPostprocessing = 0;
		};
		899A1F412C67A6DC00DB8459 /* Frameworks */ = {
			isa = PBXFrameworksBuildPhase;
			buildActionMask = 2147483647;
			files = (
			);
			runOnlyForDeploymentPostprocessing = 0;
		};
/* End PBXFrameworksBuildPhase section */

/* Begin PBXGroup section */
		89521DDF2CBACAFD0097CE3D /* Sources */ = {
			isa = PBXGroup;
			children = (
				899A1F0A2C67A5C600DB8459 /* componentsUI */,
				899A1F2C2C67A6DB00DB8459 /* SampleApp */,
			);
			path = Sources;
			sourceTree = "<group>";
		};
		89521DE02CBACB0D0097CE3D /* Tests */ = {
			isa = PBXGroup;
			children = (
				899A1F162C67A5C600DB8459 /* componentsUITests */,
				899A1F3D2C67A6DC00DB8459 /* SampleAppTests */,
				899A1F472C67A6DC00DB8459 /* SampleAppUITests */,
			);
			path = Tests;
			sourceTree = "<group>";
		};
		899A1EFE2C67A5C600DB8459 = {
			isa = PBXGroup;
			children = (
				89521DDF2CBACAFD0097CE3D /* Sources */,
				89521DE02CBACB0D0097CE3D /* Tests */,
				899A1F552C67A6F100DB8459 /* Frameworks */,
				899A1F092C67A5C600DB8459 /* Products */,
			);
			sourceTree = "<group>";
		};
		899A1F092C67A5C600DB8459 /* Products */ = {
			isa = PBXGroup;
			children = (
				899A1F082C67A5C600DB8459 /* componentsUI.framework */,
				899A1F122C67A5C600DB8459 /* componentsUITests.xctest */,
				899A1F2B2C67A6DB00DB8459 /* SampleApp.app */,
				899A1F3A2C67A6DC00DB8459 /* SampleAppTests.xctest */,
				899A1F442C67A6DC00DB8459 /* SampleAppUITests.xctest */,
			);
			name = Products;
			sourceTree = "<group>";
		};
		899A1F552C67A6F100DB8459 /* Frameworks */ = {
			isa = PBXGroup;
			children = (
			);
			name = Frameworks;
			sourceTree = "<group>";
		};
/* End PBXGroup section */

/* Begin PBXHeadersBuildPhase section */
		899A1F032C67A5C600DB8459 /* Headers */ = {
			isa = PBXHeadersBuildPhase;
			buildActionMask = 2147483647;
			files = (
			);
			runOnlyForDeploymentPostprocessing = 0;
		};
/* End PBXHeadersBuildPhase section */

/* Begin PBXNativeTarget section */
		899A1F072C67A5C600DB8459 /* componentsUI */ = {
			isa = PBXNativeTarget;
			buildConfigurationList = 899A1F1B2C67A5C600DB8459 /* Build configuration list for PBXNativeTarget "componentsUI" */;
			buildPhases = (
				899A1F032C67A5C600DB8459 /* Headers */,
				899A1F042C67A5C600DB8459 /* Sources */,
				899A1F052C67A5C600DB8459 /* Frameworks */,
				899A1F062C67A5C600DB8459 /* Resources */,
			);
			buildRules = (
			);
			dependencies = (
			);
			fileSystemSynchronizedGroups = (
				899A1F0A2C67A5C600DB8459 /* componentsUI */,
			);
			name = componentsUI;
			packageProductDependencies = (
				89F094FF2C6B3379009FF25B /* Swinject */,
			);
			productName = componentsUI;
			productReference = 899A1F082C67A5C600DB8459 /* componentsUI.framework */;
			productType = "com.apple.product-type.framework";
		};
		899A1F112C67A5C600DB8459 /* componentsUITests */ = {
			isa = PBXNativeTarget;
			buildConfigurationList = 899A1F202C67A5C600DB8459 /* Build configuration list for PBXNativeTarget "componentsUITests" */;
			buildPhases = (
				899A1F0E2C67A5C600DB8459 /* Sources */,
				899A1F0F2C67A5C600DB8459 /* Frameworks */,
				899A1F102C67A5C600DB8459 /* Resources */,
			);
			buildRules = (
			);
			dependencies = (
				899A1F152C67A5C600DB8459 /* PBXTargetDependency */,
			);
			fileSystemSynchronizedGroups = (
				899A1F162C67A5C600DB8459 /* componentsUITests */,
			);
			name = componentsUITests;
			packageProductDependencies = (
			);
			productName = componentsUITests;
			productReference = 899A1F122C67A5C600DB8459 /* componentsUITests.xctest */;
			productType = "com.apple.product-type.bundle.unit-test";
		};
		899A1F2A2C67A6DB00DB8459 /* SampleApp */ = {
			isa = PBXNativeTarget;
			buildConfigurationList = 899A1F4C2C67A6DC00DB8459 /* Build configuration list for PBXNativeTarget "SampleApp" */;
			buildPhases = (
				899A1F272C67A6DB00DB8459 /* Sources */,
				899A1F282C67A6DB00DB8459 /* Frameworks */,
				899A1F292C67A6DB00DB8459 /* Resources */,
				899A1F5A2C67A6F100DB8459 /* Embed Frameworks */,
			);
			buildRules = (
			);
			dependencies = (
				899A1F592C67A6F100DB8459 /* PBXTargetDependency */,
			);
			fileSystemSynchronizedGroups = (
				899A1F2C2C67A6DB00DB8459 /* SampleApp */,
			);
			name = SampleApp;
			packageProductDependencies = (
			);
			productName = SampleApp;
			productReference = 899A1F2B2C67A6DB00DB8459 /* SampleApp.app */;
			productType = "com.apple.product-type.application";
		};
		899A1F392C67A6DC00DB8459 /* SampleAppTests */ = {
			isa = PBXNativeTarget;
			buildConfigurationList = 899A1F4F2C67A6DC00DB8459 /* Build configuration list for PBXNativeTarget "SampleAppTests" */;
			buildPhases = (
				899A1F362C67A6DC00DB8459 /* Sources */,
				899A1F372C67A6DC00DB8459 /* Frameworks */,
				899A1F382C67A6DC00DB8459 /* Resources */,
			);
			buildRules = (
			);
			dependencies = (
				899A1F3C2C67A6DC00DB8459 /* PBXTargetDependency */,
			);
			fileSystemSynchronizedGroups = (
				899A1F3D2C67A6DC00DB8459 /* SampleAppTests */,
			);
			name = SampleAppTests;
			packageProductDependencies = (
			);
			productName = SampleAppTests;
			productReference = 899A1F3A2C67A6DC00DB8459 /* SampleAppTests.xctest */;
			productType = "com.apple.product-type.bundle.unit-test";
		};
		899A1F432C67A6DC00DB8459 /* SampleAppUITests */ = {
			isa = PBXNativeTarget;
			buildConfigurationList = 899A1F522C67A6DC00DB8459 /* Build configuration list for PBXNativeTarget "SampleAppUITests" */;
			buildPhases = (
				899A1F402C67A6DC00DB8459 /* Sources */,
				899A1F412C67A6DC00DB8459 /* Frameworks */,
				899A1F422C67A6DC00DB8459 /* Resources */,
			);
			buildRules = (
			);
			dependencies = (
				899A1F462C67A6DC00DB8459 /* PBXTargetDependency */,
			);
			fileSystemSynchronizedGroups = (
				899A1F472C67A6DC00DB8459 /* SampleAppUITests */,
			);
			name = SampleAppUITests;
			packageProductDependencies = (
			);
			productName = SampleAppUITests;
			productReference = 899A1F442C67A6DC00DB8459 /* SampleAppUITests.xctest */;
			productType = "com.apple.product-type.bundle.ui-testing";
		};
/* End PBXNativeTarget section */

/* Begin PBXProject section */
		899A1EFF2C67A5C600DB8459 /* Project object */ = {
			isa = PBXProject;
			attributes = {
				BuildIndependentTargetsInParallel = 1;
				LastSwiftUpdateCheck = 1600;
				LastUpgradeCheck = 1600;
				TargetAttributes = {
					899A1F072C67A5C600DB8459 = {
						CreatedOnToolsVersion = 16.0;
					};
					899A1F112C67A5C600DB8459 = {
						CreatedOnToolsVersion = 16.0;
					};
					899A1F2A2C67A6DB00DB8459 = {
						CreatedOnToolsVersion = 16.0;
					};
					899A1F392C67A6DC00DB8459 = {
						CreatedOnToolsVersion = 16.0;
						TestTargetID = 899A1F2A2C67A6DB00DB8459;
					};
					899A1F432C67A6DC00DB8459 = {
						CreatedOnToolsVersion = 16.0;
						TestTargetID = 899A1F2A2C67A6DB00DB8459;
					};
				};
			};
			buildConfigurationList = 899A1F022C67A5C600DB8459 /* Build configuration list for PBXProject "componentsUI" */;
			developmentRegion = en;
			hasScannedForEncodings = 0;
			knownRegions = (
				en,
				Base,
			);
			mainGroup = 899A1EFE2C67A5C600DB8459;
			minimizedProjectReferenceProxies = 1;
			packageReferences = (
				89F094FE2C6B3379009FF25B /* XCRemoteSwiftPackageReference "Swinject" */,
			);
			preferredProjectObjectVersion = 77;
			productRefGroup = 899A1F092C67A5C600DB8459 /* Products */;
			projectDirPath = "";
			projectRoot = "";
			targets = (
				899A1F072C67A5C600DB8459 /* componentsUI */,
				899A1F112C67A5C600DB8459 /* componentsUITests */,
				899A1F2A2C67A6DB00DB8459 /* SampleApp */,
				899A1F392C67A6DC00DB8459 /* SampleAppTests */,
				899A1F432C67A6DC00DB8459 /* SampleAppUITests */,
			);
		};
/* End PBXProject section */

/* Begin PBXResourcesBuildPhase section */
		899A1F062C67A5C600DB8459 /* Resources */ = {
			isa = PBXResourcesBuildPhase;
			buildActionMask = 2147483647;
			files = (
			);
			runOnlyForDeploymentPostprocessing = 0;
		};
		899A1F102C67A5C600DB8459 /* Resources */ = {
			isa = PBXResourcesBuildPhase;
			buildActionMask = 2147483647;
			files = (
			);
			runOnlyForDeploymentPostprocessing = 0;
		};
		899A1F292C67A6DB00DB8459 /* Resources */ = {
			isa = PBXResourcesBuildPhase;
			buildActionMask = 2147483647;
			files = (
			);
			runOnlyForDeploymentPostprocessing = 0;
		};
		899A1F382C67A6DC00DB8459 /* Resources */ = {
			isa = PBXResourcesBuildPhase;
			buildActionMask = 2147483647;
			files = (
			);
			runOnlyForDeploymentPostprocessing = 0;
		};
		899A1F422C67A6DC00DB8459 /* Resources */ = {
			isa = PBXResourcesBuildPhase;
			buildActionMask = 2147483647;
			files = (
			);
			runOnlyForDeploymentPostprocessing = 0;
		};
/* End PBXResourcesBuildPhase section */

/* Begin PBXSourcesBuildPhase section */
		899A1F042C67A5C600DB8459 /* Sources */ = {
			isa = PBXSourcesBuildPhase;
			buildActionMask = 2147483647;
			files = (
			);
			runOnlyForDeploymentPostprocessing = 0;
		};
		899A1F0E2C67A5C600DB8459 /* Sources */ = {
			isa = PBXSourcesBuildPhase;
			buildActionMask = 2147483647;
			files = (
			);
			runOnlyForDeploymentPostprocessing = 0;
		};
		899A1F272C67A6DB00DB8459 /* Sources */ = {
			isa = PBXSourcesBuildPhase;
			buildActionMask = 2147483647;
			files = (
			);
			runOnlyForDeploymentPostprocessing = 0;
		};
		899A1F362C67A6DC00DB8459 /* Sources */ = {
			isa = PBXSourcesBuildPhase;
			buildActionMask = 2147483647;
			files = (
			);
			runOnlyForDeploymentPostprocessing = 0;
		};
		899A1F402C67A6DC00DB8459 /* Sources */ = {
			isa = PBXSourcesBuildPhase;
			buildActionMask = 2147483647;
			files = (
			);
			runOnlyForDeploymentPostprocessing = 0;
		};
/* End PBXSourcesBuildPhase section */

/* Begin PBXTargetDependency section */
		899A1F152C67A5C600DB8459 /* PBXTargetDependency */ = {
			isa = PBXTargetDependency;
			target = 899A1F072C67A5C600DB8459 /* componentsUI */;
			targetProxy = 899A1F142C67A5C600DB8459 /* PBXContainerItemProxy */;
		};
		899A1F3C2C67A6DC00DB8459 /* PBXTargetDependency */ = {
			isa = PBXTargetDependency;
			target = 899A1F2A2C67A6DB00DB8459 /* SampleApp */;
			targetProxy = 899A1F3B2C67A6DC00DB8459 /* PBXContainerItemProxy */;
		};
		899A1F462C67A6DC00DB8459 /* PBXTargetDependency */ = {
			isa = PBXTargetDependency;
			target = 899A1F2A2C67A6DB00DB8459 /* SampleApp */;
			targetProxy = 899A1F452C67A6DC00DB8459 /* PBXContainerItemProxy */;
		};
		899A1F592C67A6F100DB8459 /* PBXTargetDependency */ = {
			isa = PBXTargetDependency;
			target = 899A1F072C67A5C600DB8459 /* componentsUI */;
			targetProxy = 899A1F582C67A6F100DB8459 /* PBXContainerItemProxy */;
		};
/* End PBXTargetDependency section */

/* Begin XCBuildConfiguration section */
		899A1F1C2C67A5C600DB8459 /* Debug */ = {
			isa = XCBuildConfiguration;
			buildSettings = {
				BUILD_LIBRARY_FOR_DISTRIBUTION = YES;
				CODE_SIGN_STYLE = Automatic;
				CURRENT_PROJECT_VERSION = 1;
				DEFINES_MODULE = YES;
				DEVELOPMENT_TEAM = YL7VQH8922;
				DYLIB_COMPATIBILITY_VERSION = 1;
				DYLIB_CURRENT_VERSION = 1;
				DYLIB_INSTALL_NAME_BASE = "@rpath";
				ENABLE_MODULE_VERIFIER = YES;
				GENERATE_INFOPLIST_FILE = YES;
				INFOPLIST_KEY_NSHumanReadableCopyright = "";
				INSTALL_PATH = "$(LOCAL_LIBRARY_DIR)/Frameworks";
				LD_RUNPATH_SEARCH_PATHS = (
					"$(inherited)",
					"@executable_path/Frameworks",
					"@loader_path/Frameworks",
				);
				MARKETING_VERSION = 1.0;
				MODULE_VERIFIER_SUPPORTED_LANGUAGES = "objective-c objective-c++";
				MODULE_VERIFIER_SUPPORTED_LANGUAGE_STANDARDS = "gnu17 gnu++20";
				PRODUCT_BUNDLE_IDENTIFIER = cci.componentsUI;
				PRODUCT_NAME = "$(TARGET_NAME:c99extidentifier)";
				SKIP_INSTALL = YES;
				SWIFT_EMIT_LOC_STRINGS = YES;
				SWIFT_INSTALL_OBJC_HEADER = NO;
				SWIFT_VERSION = 6.0;
				TARGETED_DEVICE_FAMILY = "1,2";
			};
			name = Debug;
		};
		899A1F1D2C67A5C600DB8459 /* Release */ = {
			isa = XCBuildConfiguration;
			buildSettings = {
				BUILD_LIBRARY_FOR_DISTRIBUTION = YES;
				CODE_SIGN_STYLE = Automatic;
				CURRENT_PROJECT_VERSION = 1;
				DEFINES_MODULE = YES;
				DEVELOPMENT_TEAM = YL7VQH8922;
				DYLIB_COMPATIBILITY_VERSION = 1;
				DYLIB_CURRENT_VERSION = 1;
				DYLIB_INSTALL_NAME_BASE = "@rpath";
				ENABLE_MODULE_VERIFIER = YES;
				GENERATE_INFOPLIST_FILE = YES;
				INFOPLIST_KEY_NSHumanReadableCopyright = "";
				INSTALL_PATH = "$(LOCAL_LIBRARY_DIR)/Frameworks";
				LD_RUNPATH_SEARCH_PATHS = (
					"$(inherited)",
					"@executable_path/Frameworks",
					"@loader_path/Frameworks",
				);
				MARKETING_VERSION = 1.0;
				MODULE_VERIFIER_SUPPORTED_LANGUAGES = "objective-c objective-c++";
				MODULE_VERIFIER_SUPPORTED_LANGUAGE_STANDARDS = "gnu17 gnu++20";
				PRODUCT_BUNDLE_IDENTIFIER = cci.componentsUI;
				PRODUCT_NAME = "$(TARGET_NAME:c99extidentifier)";
				SKIP_INSTALL = YES;
				SWIFT_EMIT_LOC_STRINGS = YES;
				SWIFT_INSTALL_OBJC_HEADER = NO;
				SWIFT_VERSION = 6.0;
				TARGETED_DEVICE_FAMILY = "1,2";
			};
			name = Release;
		};
		899A1F1E2C67A5C600DB8459 /* Debug */ = {
			isa = XCBuildConfiguration;
			buildSettings = {
				ALWAYS_SEARCH_USER_PATHS = NO;
				ASSETCATALOG_COMPILER_GENERATE_SWIFT_ASSET_SYMBOL_EXTENSIONS = YES;
				CLANG_ANALYZER_NONNULL = YES;
				CLANG_ANALYZER_NUMBER_OBJECT_CONVERSION = YES_AGGRESSIVE;
				CLANG_CXX_LANGUAGE_STANDARD = "gnu++20";
				CLANG_ENABLE_MODULES = YES;
				CLANG_ENABLE_OBJC_ARC = YES;
				CLANG_ENABLE_OBJC_WEAK = YES;
				CLANG_WARN_BLOCK_CAPTURE_AUTORELEASING = YES;
				CLANG_WARN_BOOL_CONVERSION = YES;
				CLANG_WARN_COMMA = YES;
				CLANG_WARN_CONSTANT_CONVERSION = YES;
				CLANG_WARN_DEPRECATED_OBJC_IMPLEMENTATIONS = YES;
				CLANG_WARN_DIRECT_OBJC_ISA_USAGE = YES_ERROR;
				CLANG_WARN_DOCUMENTATION_COMMENTS = YES;
				CLANG_WARN_EMPTY_BODY = YES;
				CLANG_WARN_ENUM_CONVERSION = YES;
				CLANG_WARN_INFINITE_RECURSION = YES;
				CLANG_WARN_INT_CONVERSION = YES;
				CLANG_WARN_NON_LITERAL_NULL_CONVERSION = YES;
				CLANG_WARN_OBJC_IMPLICIT_RETAIN_SELF = YES;
				CLANG_WARN_OBJC_LITERAL_CONVERSION = YES;
				CLANG_WARN_OBJC_ROOT_CLASS = YES_ERROR;
				CLANG_WARN_QUOTED_INCLUDE_IN_FRAMEWORK_HEADER = YES;
				CLANG_WARN_RANGE_LOOP_ANALYSIS = YES;
				CLANG_WARN_STRICT_PROTOTYPES = YES;
				CLANG_WARN_SUSPICIOUS_MOVE = YES;
				CLANG_WARN_UNGUARDED_AVAILABILITY = YES_AGGRESSIVE;
				CLANG_WARN_UNREACHABLE_CODE = YES;
				CLANG_WARN__DUPLICATE_METHOD_MATCH = YES;
				COPY_PHASE_STRIP = NO;
				CURRENT_PROJECT_VERSION = 1;
				DEBUG_INFORMATION_FORMAT = dwarf;
				ENABLE_STRICT_OBJC_MSGSEND = YES;
				ENABLE_TESTABILITY = YES;
				ENABLE_USER_SCRIPT_SANDBOXING = YES;
				GCC_C_LANGUAGE_STANDARD = gnu17;
				GCC_DYNAMIC_NO_PIC = NO;
				GCC_NO_COMMON_BLOCKS = YES;
				GCC_OPTIMIZATION_LEVEL = 0;
				GCC_PREPROCESSOR_DEFINITIONS = (
					"DEBUG=1",
					"$(inherited)",
				);
				GCC_WARN_64_TO_32_BIT_CONVERSION = YES;
				GCC_WARN_ABOUT_RETURN_TYPE = YES_ERROR;
				GCC_WARN_UNDECLARED_SELECTOR = YES;
				GCC_WARN_UNINITIALIZED_AUTOS = YES_AGGRESSIVE;
				GCC_WARN_UNUSED_FUNCTION = YES;
				GCC_WARN_UNUSED_VARIABLE = YES;
				IPHONEOS_DEPLOYMENT_TARGET = 18.0;
				LOCALIZATION_PREFERS_STRING_CATALOGS = YES;
				MTL_ENABLE_DEBUG_INFO = INCLUDE_SOURCE;
				MTL_FAST_MATH = YES;
				ONLY_ACTIVE_ARCH = YES;
				SDKROOT = iphoneos;
				SWIFT_ACTIVE_COMPILATION_CONDITIONS = "DEBUG $(inherited)";
				SWIFT_OPTIMIZATION_LEVEL = "-Onone";
				VERSIONING_SYSTEM = "apple-generic";
				VERSION_INFO_PREFIX = "";
			};
			name = Debug;
		};
		899A1F1F2C67A5C600DB8459 /* Release */ = {
			isa = XCBuildConfiguration;
			buildSettings = {
				ALWAYS_SEARCH_USER_PATHS = NO;
				ASSETCATALOG_COMPILER_GENERATE_SWIFT_ASSET_SYMBOL_EXTENSIONS = YES;
				CLANG_ANALYZER_NONNULL = YES;
				CLANG_ANALYZER_NUMBER_OBJECT_CONVERSION = YES_AGGRESSIVE;
				CLANG_CXX_LANGUAGE_STANDARD = "gnu++20";
				CLANG_ENABLE_MODULES = YES;
				CLANG_ENABLE_OBJC_ARC = YES;
				CLANG_ENABLE_OBJC_WEAK = YES;
				CLANG_WARN_BLOCK_CAPTURE_AUTORELEASING = YES;
				CLANG_WARN_BOOL_CONVERSION = YES;
				CLANG_WARN_COMMA = YES;
				CLANG_WARN_CONSTANT_CONVERSION = YES;
				CLANG_WARN_DEPRECATED_OBJC_IMPLEMENTATIONS = YES;
				CLANG_WARN_DIRECT_OBJC_ISA_USAGE = YES_ERROR;
				CLANG_WARN_DOCUMENTATION_COMMENTS = YES;
				CLANG_WARN_EMPTY_BODY = YES;
				CLANG_WARN_ENUM_CONVERSION = YES;
				CLANG_WARN_INFINITE_RECURSION = YES;
				CLANG_WARN_INT_CONVERSION = YES;
				CLANG_WARN_NON_LITERAL_NULL_CONVERSION = YES;
				CLANG_WARN_OBJC_IMPLICIT_RETAIN_SELF = YES;
				CLANG_WARN_OBJC_LITERAL_CONVERSION = YES;
				CLANG_WARN_OBJC_ROOT_CLASS = YES_ERROR;
				CLANG_WARN_QUOTED_INCLUDE_IN_FRAMEWORK_HEADER = YES;
				CLANG_WARN_RANGE_LOOP_ANALYSIS = YES;
				CLANG_WARN_STRICT_PROTOTYPES = YES;
				CLANG_WARN_SUSPICIOUS_MOVE = YES;
				CLANG_WARN_UNGUARDED_AVAILABILITY = YES_AGGRESSIVE;
				CLANG_WARN_UNREACHABLE_CODE = YES;
				CLANG_WARN__DUPLICATE_METHOD_MATCH = YES;
				COPY_PHASE_STRIP = NO;
				CURRENT_PROJECT_VERSION = 1;
				DEBUG_INFORMATION_FORMAT = "dwarf-with-dsym";
				ENABLE_NS_ASSERTIONS = NO;
				ENABLE_STRICT_OBJC_MSGSEND = YES;
				ENABLE_USER_SCRIPT_SANDBOXING = YES;
				GCC_C_LANGUAGE_STANDARD = gnu17;
				GCC_NO_COMMON_BLOCKS = YES;
				GCC_WARN_64_TO_32_BIT_CONVERSION = YES;
				GCC_WARN_ABOUT_RETURN_TYPE = YES_ERROR;
				GCC_WARN_UNDECLARED_SELECTOR = YES;
				GCC_WARN_UNINITIALIZED_AUTOS = YES_AGGRESSIVE;
				GCC_WARN_UNUSED_FUNCTION = YES;
				GCC_WARN_UNUSED_VARIABLE = YES;
				IPHONEOS_DEPLOYMENT_TARGET = 18.0;
				LOCALIZATION_PREFERS_STRING_CATALOGS = YES;
				MTL_ENABLE_DEBUG_INFO = NO;
				MTL_FAST_MATH = YES;
				SDKROOT = iphoneos;
				SWIFT_COMPILATION_MODE = wholemodule;
				VALIDATE_PRODUCT = YES;
				VERSIONING_SYSTEM = "apple-generic";
				VERSION_INFO_PREFIX = "";
			};
			name = Release;
		};
		899A1F212C67A5C600DB8459 /* Debug */ = {
			isa = XCBuildConfiguration;
			buildSettings = {
				CODE_SIGN_STYLE = Automatic;
				CURRENT_PROJECT_VERSION = 1;
				DEVELOPMENT_TEAM = YL7VQH8922;
				GENERATE_INFOPLIST_FILE = YES;
				MARKETING_VERSION = 1.0;
				PRODUCT_BUNDLE_IDENTIFIER = cci.componentsUITests;
				PRODUCT_NAME = "$(TARGET_NAME)";
				SWIFT_EMIT_LOC_STRINGS = NO;
				SWIFT_VERSION = 5.0;
				TARGETED_DEVICE_FAMILY = "1,2";
			};
			name = Debug;
		};
		899A1F222C67A5C600DB8459 /* Release */ = {
			isa = XCBuildConfiguration;
			buildSettings = {
				CODE_SIGN_STYLE = Automatic;
				CURRENT_PROJECT_VERSION = 1;
				DEVELOPMENT_TEAM = YL7VQH8922;
				GENERATE_INFOPLIST_FILE = YES;
				MARKETING_VERSION = 1.0;
				PRODUCT_BUNDLE_IDENTIFIER = cci.componentsUITests;
				PRODUCT_NAME = "$(TARGET_NAME)";
				SWIFT_EMIT_LOC_STRINGS = NO;
				SWIFT_VERSION = 5.0;
				TARGETED_DEVICE_FAMILY = "1,2";
			};
			name = Release;
		};
		899A1F4D2C67A6DC00DB8459 /* Debug */ = {
			isa = XCBuildConfiguration;
			buildSettings = {
				ASSETCATALOG_COMPILER_APPICON_NAME = AppIcon;
				ASSETCATALOG_COMPILER_GLOBAL_ACCENT_COLOR_NAME = AccentColor;
				CODE_SIGN_STYLE = Automatic;
				CURRENT_PROJECT_VERSION = 1;
				DEVELOPMENT_ASSET_PATHS = "\"Sources/SampleApp/Preview Content\"";
				DEVELOPMENT_TEAM = YL7VQH8922;
				ENABLE_PREVIEWS = YES;
				GENERATE_INFOPLIST_FILE = YES;
				INFOPLIST_KEY_UIApplicationSceneManifest_Generation = YES;
				INFOPLIST_KEY_UIApplicationSupportsIndirectInputEvents = YES;
				INFOPLIST_KEY_UILaunchScreen_Generation = YES;
				INFOPLIST_KEY_UISupportedInterfaceOrientations_iPad = "UIInterfaceOrientationPortrait UIInterfaceOrientationPortraitUpsideDown UIInterfaceOrientationLandscapeLeft UIInterfaceOrientationLandscapeRight";
				INFOPLIST_KEY_UISupportedInterfaceOrientations_iPhone = "UIInterfaceOrientationPortrait UIInterfaceOrientationLandscapeLeft UIInterfaceOrientationLandscapeRight";
				LD_RUNPATH_SEARCH_PATHS = (
					"$(inherited)",
					"@executable_path/Frameworks",
				);
				MARKETING_VERSION = 1.0;
				PRODUCT_BUNDLE_IDENTIFIER = cci.SampleApp;
				PRODUCT_NAME = "$(TARGET_NAME)";
				SWIFT_EMIT_LOC_STRINGS = YES;
				SWIFT_VERSION = 6.0;
				TARGETED_DEVICE_FAMILY = "1,2";
			};
			name = Debug;
		};
		899A1F4E2C67A6DC00DB8459 /* Release */ = {
			isa = XCBuildConfiguration;
			buildSettings = {
				ASSETCATALOG_COMPILER_APPICON_NAME = AppIcon;
				ASSETCATALOG_COMPILER_GLOBAL_ACCENT_COLOR_NAME = AccentColor;
				CODE_SIGN_STYLE = Automatic;
				CURRENT_PROJECT_VERSION = 1;
				DEVELOPMENT_ASSET_PATHS = "\"Sources/SampleApp/Preview Content\"";
				DEVELOPMENT_TEAM = YL7VQH8922;
				ENABLE_PREVIEWS = YES;
				GENERATE_INFOPLIST_FILE = YES;
				INFOPLIST_KEY_UIApplicationSceneManifest_Generation = YES;
				INFOPLIST_KEY_UIApplicationSupportsIndirectInputEvents = YES;
				INFOPLIST_KEY_UILaunchScreen_Generation = YES;
				INFOPLIST_KEY_UISupportedInterfaceOrientations_iPad = "UIInterfaceOrientationPortrait UIInterfaceOrientationPortraitUpsideDown UIInterfaceOrientationLandscapeLeft UIInterfaceOrientationLandscapeRight";
				INFOPLIST_KEY_UISupportedInterfaceOrientations_iPhone = "UIInterfaceOrientationPortrait UIInterfaceOrientationLandscapeLeft UIInterfaceOrientationLandscapeRight";
				LD_RUNPATH_SEARCH_PATHS = (
					"$(inherited)",
					"@executable_path/Frameworks",
				);
				MARKETING_VERSION = 1.0;
				PRODUCT_BUNDLE_IDENTIFIER = cci.SampleApp;
				PRODUCT_NAME = "$(TARGET_NAME)";
				SWIFT_EMIT_LOC_STRINGS = YES;
				SWIFT_VERSION = 6.0;
				TARGETED_DEVICE_FAMILY = "1,2";
			};
			name = Release;
		};
		899A1F502C67A6DC00DB8459 /* Debug */ = {
			isa = XCBuildConfiguration;
			buildSettings = {
				BUNDLE_LOADER = "$(TEST_HOST)";
				CODE_SIGN_STYLE = Automatic;
				CURRENT_PROJECT_VERSION = 1;
				DEVELOPMENT_TEAM = YL7VQH8922;
				GENERATE_INFOPLIST_FILE = YES;
				IPHONEOS_DEPLOYMENT_TARGET = 18.0;
				MARKETING_VERSION = 1.0;
				PRODUCT_BUNDLE_IDENTIFIER = cci.SampleAppTests;
				PRODUCT_NAME = "$(TARGET_NAME)";
				SWIFT_EMIT_LOC_STRINGS = NO;
				SWIFT_VERSION = 5.0;
				TARGETED_DEVICE_FAMILY = "1,2";
				TEST_HOST = "$(BUILT_PRODUCTS_DIR)/SampleApp.app/$(BUNDLE_EXECUTABLE_FOLDER_PATH)/SampleApp";
			};
			name = Debug;
		};
		899A1F512C67A6DC00DB8459 /* Release */ = {
			isa = XCBuildConfiguration;
			buildSettings = {
				BUNDLE_LOADER = "$(TEST_HOST)";
				CODE_SIGN_STYLE = Automatic;
				CURRENT_PROJECT_VERSION = 1;
				DEVELOPMENT_TEAM = YL7VQH8922;
				GENERATE_INFOPLIST_FILE = YES;
				IPHONEOS_DEPLOYMENT_TARGET = 18.0;
				MARKETING_VERSION = 1.0;
				PRODUCT_BUNDLE_IDENTIFIER = cci.SampleAppTests;
				PRODUCT_NAME = "$(TARGET_NAME)";
				SWIFT_EMIT_LOC_STRINGS = NO;
				SWIFT_VERSION = 5.0;
				TARGETED_DEVICE_FAMILY = "1,2";
				TEST_HOST = "$(BUILT_PRODUCTS_DIR)/SampleApp.app/$(BUNDLE_EXECUTABLE_FOLDER_PATH)/SampleApp";
			};
			name = Release;
		};
		899A1F532C67A6DC00DB8459 /* Debug */ = {
			isa = XCBuildConfiguration;
			buildSettings = {
				CODE_SIGN_STYLE = Automatic;
				CURRENT_PROJECT_VERSION = 1;
				DEVELOPMENT_TEAM = YL7VQH8922;
				GENERATE_INFOPLIST_FILE = YES;
				MARKETING_VERSION = 1.0;
				PRODUCT_BUNDLE_IDENTIFIER = cci.SampleAppUITests;
				PRODUCT_NAME = "$(TARGET_NAME)";
				SWIFT_EMIT_LOC_STRINGS = NO;
				SWIFT_VERSION = 5.0;
				TARGETED_DEVICE_FAMILY = "1,2";
				TEST_TARGET_NAME = SampleApp;
			};
			name = Debug;
		};
		899A1F542C67A6DC00DB8459 /* Release */ = {
			isa = XCBuildConfiguration;
			buildSettings = {
				CODE_SIGN_STYLE = Automatic;
				CURRENT_PROJECT_VERSION = 1;
				DEVELOPMENT_TEAM = YL7VQH8922;
				GENERATE_INFOPLIST_FILE = YES;
				MARKETING_VERSION = 1.0;
				PRODUCT_BUNDLE_IDENTIFIER = cci.SampleAppUITests;
				PRODUCT_NAME = "$(TARGET_NAME)";
				SWIFT_EMIT_LOC_STRINGS = NO;
				SWIFT_VERSION = 5.0;
				TARGETED_DEVICE_FAMILY = "1,2";
				TEST_TARGET_NAME = SampleApp;
			};
			name = Release;
		};
/* End XCBuildConfiguration section */

/* Begin XCConfigurationList section */
		899A1F022C67A5C600DB8459 /* Build configuration list for PBXProject "componentsUI" */ = {
			isa = XCConfigurationList;
			buildConfigurations = (
				899A1F1E2C67A5C600DB8459 /* Debug */,
				899A1F1F2C67A5C600DB8459 /* Release */,
			);
			defaultConfigurationIsVisible = 0;
			defaultConfigurationName = Release;
		};
		899A1F1B2C67A5C600DB8459 /* Build configuration list for PBXNativeTarget "componentsUI" */ = {
			isa = XCConfigurationList;
			buildConfigurations = (
				899A1F1C2C67A5C600DB8459 /* Debug */,
				899A1F1D2C67A5C600DB8459 /* Release */,
			);
			defaultConfigurationIsVisible = 0;
			defaultConfigurationName = Release;
		};
		899A1F202C67A5C600DB8459 /* Build configuration list for PBXNativeTarget "componentsUITests" */ = {
			isa = XCConfigurationList;
			buildConfigurations = (
				899A1F212C67A5C600DB8459 /* Debug */,
				899A1F222C67A5C600DB8459 /* Release */,
			);
			defaultConfigurationIsVisible = 0;
			defaultConfigurationName = Release;
		};
		899A1F4C2C67A6DC00DB8459 /* Build configuration list for PBXNativeTarget "SampleApp" */ = {
			isa = XCConfigurationList;
			buildConfigurations = (
				899A1F4D2C67A6DC00DB8459 /* Debug */,
				899A1F4E2C67A6DC00DB8459 /* Release */,
			);
			defaultConfigurationIsVisible = 0;
			defaultConfigurationName = Release;
		};
		899A1F4F2C67A6DC00DB8459 /* Build configuration list for PBXNativeTarget "SampleAppTests" */ = {
			isa = XCConfigurationList;
			buildConfigurations = (
				899A1F502C67A6DC00DB8459 /* Debug */,
				899A1F512C67A6DC00DB8459 /* Release */,
			);
			defaultConfigurationIsVisible = 0;
			defaultConfigurationName = Release;
		};
		899A1F522C67A6DC00DB8459 /* Build configuration list for PBXNativeTarget "SampleAppUITests" */ = {
			isa = XCConfigurationList;
			buildConfigurations = (
				899A1F532C67A6DC00DB8459 /* Debug */,
				899A1F542C67A6DC00DB8459 /* Release */,
			);
			defaultConfigurationIsVisible = 0;
			defaultConfigurationName = Release;
		};
/* End XCConfigurationList section */

/* Begin XCRemoteSwiftPackageReference section */
		89F094FE2C6B3379009FF25B /* XCRemoteSwiftPackageReference "Swinject" */ = {
			isa = XCRemoteSwiftPackageReference;
			repositoryURL = "https://github.com/Swinject/Swinject.git";
			requirement = {
				kind = upToNextMajorVersion;
				minimumVersion = 2.9.1;
			};
		};
/* End XCRemoteSwiftPackageReference section */

/* Begin XCSwiftPackageProductDependency section */
		89F094FF2C6B3379009FF25B /* Swinject */ = {
			isa = XCSwiftPackageProductDependency;
			package = 89F094FE2C6B3379009FF25B /* XCRemoteSwiftPackageReference "Swinject" */;
			productName = Swinject;
		};
/* End XCSwiftPackageProductDependency section */
	};
	rootObject = 899A1EFF2C67A5C600DB8459 /* Project object */;
}
